Microsoft Visual Studio Solution File, Format Version 12.00
# Visual Studio Version 17
VisualStudioVersion = 17.5.2.0
MinimumVisualStudioVersion = 10.0.40219.1
Project("{FAE04EC0-301F-11D3-BF4B-00C04F79EFBC}") = "fls-interview-base-project", ".\project\fls-interview-base-project.csproj", "{54643C0B-582C-B149-5B06-FF70EB507801}"
EndProject
Project("{FAE04EC0-301F-11D3-BF4B-00C04F79EFBC}") = "fls-interview-base-project.Tests", ".\test\fls-interview-base-project.Tests.csproj", "{9F55A6E9-031C-4A98-BCF7-4524A626C1D3}"
EndProject
Global
	GlobalSection(SolutionConfigurationPlatforms) = preSolution
		Debug|Any CPU = Debug|Any CPU
		Release|Any CPU = Release|Any CPU
	EndGlobalSection
	GlobalSection(ProjectConfigurationPlatforms) = postSolution
		{54643C0B-582C-B149-5B06-FF70EB507801}.Debug|Any CPU.ActiveCfg = Debug|Any CPU
		{54643C0B-582C-B149-5B06-FF70EB507801}.Debug|Any CPU.Build.0 = Debug|Any CPU
		{54643C0B-582C-B149-5B06-FF70EB507801}.Release|Any CPU.ActiveCfg = Release|Any CPU
		{54643C0B-582C-B149-5B06-FF70EB507801}.Release|Any CPU.Build.0 = Release|Any CPU
		{9F55A6E9-031C-4A98-BCF7-4524A626C1D3}.Debug|Any CPU.ActiveCfg = Debug|Any CPU
		{9F55A6E9-031C-4A98-BCF7-4524A626C1D3}.Debug|Any CPU.Build.0 = Debug|Any CPU
		{9F55A6E9-031C-4A98-BCF7-4524A626C1D3}.Release|Any CPU.ActiveCfg = Release|Any CPU
		{9F55A6E9-031C-4A98-BCF7-4524A626C1D3}.Release|Any CPU.Build.0 = Release|Any CPU
	EndGlobalSection
	GlobalSection(SolutionProperties) = preSolution
		HideSolutionNode = FALSE
	EndGlobalSection
	GlobalSection(ExtensibilityGlobals) = postSolution
		SolutionGuid = {D6CB08AB-20C1-47BD-AD10-8247D5B49ECF}
	EndGlobalSection
EndGlobal
